// !$*UTF8*$!
{
	archiveVersion = 1;
	classes = {
	};
	objectVersion = 77;
	objects = {

/* Begin PBXBuildFile section */
		4405A5EC2E5DF3680039C2FF /* Alamofire in Frameworks */ = {isa = PBXBuildFile; productRef = 4405A5EB2E5DF3680039C2FF /* Alamofire */; };
		4487A9DB2EA4A8AD002D7485 /* WatchUVGuard Watch App.app in Embed Watch Content */ = {isa = PBXBuildFile; fileRef = 4487A9D12EA4A8AB002D7485 /* WatchUVGuard Watch App.app */; settings = {ATTRIBUTES = (RemoveHeadersOnCopy, ); }; };
		4487AC612EA4F2C0002D7485 /* Montserrat-Bold.ttf in Resources */ = {isa = PBXBuildFile; fileRef = 4487AC5D2EA4F2C0002D7485 /* Montserrat-Bold.ttf */; };
		4487AC622EA4F2C0002D7485 /* Montserrat-Medium.ttf in Resources */ = {isa = PBXBuildFile; fileRef = 4487AC5E2EA4F2C0002D7485 /* Montserrat-Medium.ttf */; };
		4487AC632EA4F2C0002D7485 /* Montserrat-Regular.ttf in Resources */ = {isa = PBXBuildFile; fileRef = 4487AC5F2EA4F2C0002D7485 /* Montserrat-Regular.ttf */; };
		4487AC642EA4F2C0002D7485 /* Montserrat-SemiBold.ttf in Resources */ = {isa = PBXBuildFile; fileRef = 4487AC602EA4F2C0002D7485 /* Montserrat-SemiBold.ttf */; };
		4487AC652EA4F2C0002D7485 /* Montserrat-Bold.ttf in Resources */ = {isa = PBXBuildFile; fileRef = 4487AC5D2EA4F2C0002D7485 /* Montserrat-Bold.ttf */; };
		4487AC662EA4F2C0002D7485 /* Montserrat-Medium.ttf in Resources */ = {isa = PBXBuildFile; fileRef = 4487AC5E2EA4F2C0002D7485 /* Montserrat-Medium.ttf */; };
		4487AC672EA4F2C0002D7485 /* Montserrat-Regular.ttf in Resources */ = {isa = PBXBuildFile; fileRef = 4487AC5F2EA4F2C0002D7485 /* Montserrat-Regular.ttf */; };
		4487AC682EA4F2C0002D7485 /* Montserrat-SemiBold.ttf in Resources */ = {isa = PBXBuildFile; fileRef = 4487AC602EA4F2C0002D7485 /* Montserrat-SemiBold.ttf */; };
		44BBFC572EA3DA2F003C6F2B /* WidgetKit.framework in Frameworks */ = {isa = PBXBuildFile; fileRef = 44BBFC562EA3DA2F003C6F2B /* WidgetKit.framework */; };
		44BBFC592EA3DA2F003C6F2B /* SwiftUI.framework in Frameworks */ = {isa = PBXBuildFile; fileRef = 44BBFC582EA3DA2F003C6F2B /* SwiftUI.framework */; };
		44BBFC642EA3DA31003C6F2B /* UVGuardWidgetsExtension.appex in Embed Foundation Extensions */ = {isa = PBXBuildFile; fileRef = 44BBFC542EA3DA2F003C6F2B /* UVGuardWidgetsExtension.appex */; settings = {ATTRIBUTES = (RemoveHeadersOnCopy, ); }; };
/* End PBXBuildFile section */

/* Begin PBXContainerItemProxy section */
		4487A9D92EA4A8AD002D7485 /* PBXContainerItemProxy */ = {
			isa = PBXContainerItemProxy;
			containerPortal = 44BD5D9A2E5639CF002CA787 /* Project object */;
			proxyType = 1;
			remoteGlobalIDString = 4487A9D02EA4A8AB002D7485;
			remoteInfo = "WatchUVGuard Watch App";
		};
		44BBFC622EA3DA31003C6F2B /* PBXContainerItemProxy */ = {
			isa = PBXContainerItemProxy;
			containerPortal = 44BD5D9A2E5639CF002CA787 /* Project object */;
			proxyType = 1;
			remoteGlobalIDString = 44BBFC532EA3DA2F003C6F2B;
			remoteInfo = UVGuardWidgetsExtension;
		};
/* End PBXContainerItemProxy section */

/* Begin PBXCopyFilesBuildPhase section */
		4487A9DC2EA4A8AD002D7485 /* Embed Watch Content */ = {
			isa = PBXCopyFilesBuildPhase;
			buildActionMask = 2147483647;
			dstPath = "$(CONTENTS_FOLDER_PATH)/Watch";
			dstSubfolderSpec = 16;
			files = (
				4487A9DB2EA4A8AD002D7485 /* WatchUVGuard Watch App.app in Embed Watch Content */,
			);
			name = "Embed Watch Content";
			runOnlyForDeploymentPostprocessing = 0;
		};
		44BBFC652EA3DA31003C6F2B /* Embed Foundation Extensions */ = {
			isa = PBXCopyFilesBuildPhase;
			buildActionMask = 2147483647;
			dstPath = "";
			dstSubfolderSpec = 13;
			files = (
				44BBFC642EA3DA31003C6F2B /* UVGuardWidgetsExtension.appex in Embed Foundation Extensions */,
			);
			name = "Embed Foundation Extensions";
			runOnlyForDeploymentPostprocessing = 0;
		};
/* End PBXCopyFilesBuildPhase section */

/* Begin PBXFileReference section */
		4487A9D12EA4A8AB002D7485 /* WatchUVGuard Watch App.app */ = {isa = PBXFileReference; explicitFileType = wrapper.application; includeInIndex = 0; path = "WatchUVGuard Watch App.app"; sourceTree = BUILT_PRODUCTS_DIR; };
		4487AC5D2EA4F2C0002D7485 /* Montserrat-Bold.ttf */ = {isa = PBXFileReference; lastKnownFileType = file; path = "Montserrat-Bold.ttf"; sourceTree = "<group>"; };
		4487AC5E2EA4F2C0002D7485 /* Montserrat-Medium.ttf */ = {isa = PBXFileReference; lastKnownFileType = file; path = "Montserrat-Medium.ttf"; sourceTree = "<group>"; };
		4487AC5F2EA4F2C0002D7485 /* Montserrat-Regular.ttf */ = {isa = PBXFileReference; lastKnownFileType = file; path = "Montserrat-Regular.ttf"; sourceTree = "<group>"; };
		4487AC602EA4F2C0002D7485 /* Montserrat-SemiBold.ttf */ = {isa = PBXFileReference; lastKnownFileType = file; path = "Montserrat-SemiBold.ttf"; sourceTree = "<group>"; };
		44BBFC542EA3DA2F003C6F2B /* UVGuardWidgetsExtension.appex */ = {isa = PBXFileReference; explicitFileType = "wrapper.app-extension"; includeInIndex = 0; path = UVGuardWidgetsExtension.appex; sourceTree = BUILT_PRODUCTS_DIR; };
		44BBFC562EA3DA2F003C6F2B /* WidgetKit.framework */ = {isa = PBXFileReference; lastKnownFileType = wrapper.framework; name = WidgetKit.framework; path = System/Library/Frameworks/WidgetKit.framework; sourceTree = SDKROOT; };
		44BBFC582EA3DA2F003C6F2B /* SwiftUI.framework */ = {isa = PBXFileReference; lastKnownFileType = wrapper.framework; name = SwiftUI.framework; path = System/Library/Frameworks/SwiftUI.framework; sourceTree = SDKROOT; };
		44BBFCAA2EA3EB5F003C6F2B /* UVGuardWidgetsExtension.entitlements */ = {isa = PBXFileReference; lastKnownFileType = text.plist.entitlements; path = UVGuardWidgetsExtension.entitlements; sourceTree = "<group>"; };
		44BD5DA22E5639CF002CA787 /* UVGuard.app */ = {isa = PBXFileReference; explicitFileType = wrapper.application; includeInIndex = 0; path = UVGuard.app; sourceTree = BUILT_PRODUCTS_DIR; };
/* End PBXFileReference section */

/* Begin PBXFileSystemSynchronizedBuildFileExceptionSet section */
		4487A9EA2EA4B0E9002D7485 /* Exceptions for "UVGuard" folder in "WatchUVGuard Watch App" target */ = {
			isa = PBXFileSystemSynchronizedBuildFileExceptionSet;
			membershipExceptions = (
				Models/CityModel.swift,
				Models/UVLevel.swift,
				Models/UVModel.swift,
				Services/SharedDataManager.swift,
				Theme/UVGuardTheme.swift,
			);
			target = 4487A9D02EA4A8AB002D7485 /* WatchUVGuard Watch App */;
		};
		4487AC6A2EA4F2E0002D7485 /* Exceptions for "UVGuard" folder in "UVGuard" target */ = {
			isa = PBXFileSystemSynchronizedBuildFileExceptionSet;
			membershipExceptions = (
				Info.plist,
			);
			target = 44BD5DA12E5639CF002CA787 /* UVGuard */;
		};
		44BBFC682EA3DA31003C6F2B /* Exceptions for "UVGuardWidgets" folder in "UVGuardWidgetsExtension" target */ = {
			isa = PBXFileSystemSynchronizedBuildFileExceptionSet;
			membershipExceptions = (
				Info.plist,
			);
			target = 44BBFC532EA3DA2F003C6F2B /* UVGuardWidgetsExtension */;
		};
/* End PBXFileSystemSynchronizedBuildFileExceptionSet section */

/* Begin PBXFileSystemSynchronizedRootGroup section */
		4487A9D22EA4A8AB002D7485 /* WatchUVGuard Watch App */ = {
			isa = PBXFileSystemSynchronizedRootGroup;
			path = "WatchUVGuard Watch App";
			sourceTree = "<group>";
		};
		44BBFC5A2EA3DA2F003C6F2B /* UVGuardWidgets */ = {
			isa = PBXFileSystemSynchronizedRootGroup;
			exceptions = (
				44BBFC682EA3DA31003C6F2B /* Exceptions for "UVGuardWidgets" folder in "UVGuardWidgetsExtension" target */,
			);
			path = UVGuardWidgets;
			sourceTree = "<group>";
		};
		44BD5DA42E5639CF002CA787 /* UVGuard */ = {
			isa = PBXFileSystemSynchronizedRootGroup;
			exceptions = (
				4487AC6A2EA4F2E0002D7485 /* Exceptions for "UVGuard" folder in "UVGuard" target */,
				4487A9EA2EA4B0E9002D7485 /* Exceptions for "UVGuard" folder in "WatchUVGuard Watch App" target */,
			);
			path = UVGuard;
			sourceTree = "<group>";
		};
/* End PBXFileSystemSynchronizedRootGroup section */

/* Begin PBXFrameworksBuildPhase section */
		4487A9CE2EA4A8AB002D7485 /* Frameworks */ = {
			isa = PBXFrameworksBuildPhase;
			buildActionMask = 2147483647;
			files = (
			);
			runOnlyForDeploymentPostprocessing = 0;
		};
		44BBFC512EA3DA2F003C6F2B /* Frameworks */ = {
			isa = PBXFrameworksBuildPhase;
			buildActionMask = 2147483647;
			files = (
				44BBFC592EA3DA2F003C6F2B /* SwiftUI.framework in Frameworks */,
				44BBFC572EA3DA2F003C6F2B /* WidgetKit.framework in Frameworks */,
			);
			runOnlyForDeploymentPostprocessing = 0;
		};
		44BD5D9F2E5639CF002CA787 /* Frameworks */ = {
			isa = PBXFrameworksBuildPhase;
			buildActionMask = 2147483647;
			files = (
				4405A5EC2E5DF3680039C2FF /* Alamofire in Frameworks */,
			);
			runOnlyForDeploymentPostprocessing = 0;
		};
/* End PBXFrameworksBuildPhase section */

/* Begin PBXGroup section */
		44BBFC552EA3DA2F003C6F2B /* Frameworks */ = {
			isa = PBXGroup;
			children = (
				44BBFC562EA3DA2F003C6F2B /* WidgetKit.framework */,
				44BBFC582EA3DA2F003C6F2B /* SwiftUI.framework */,
			);
			name = Frameworks;
			sourceTree = "<group>";
		};
		44BD5D992E5639CF002CA787 = {
			isa = PBXGroup;
			children = (
				44BBFCAA2EA3EB5F003C6F2B /* UVGuardWidgetsExtension.entitlements */,
				44BD5DA42E5639CF002CA787 /* UVGuard */,
				44BBFC5A2EA3DA2F003C6F2B /* UVGuardWidgets */,
				4487A9D22EA4A8AB002D7485 /* WatchUVGuard Watch App */,
				44BBFC552EA3DA2F003C6F2B /* Frameworks */,
				44BD5DA32E5639CF002CA787 /* Products */,
				4487AC5D2EA4F2C0002D7485 /* Montserrat-Bold.ttf */,
				4487AC5E2EA4F2C0002D7485 /* Montserrat-Medium.ttf */,
				4487AC5F2EA4F2C0002D7485 /* Montserrat-Regular.ttf */,
				4487AC602EA4F2C0002D7485 /* Montserrat-SemiBold.ttf */,
			);
			sourceTree = "<group>";
		};
		44BD5DA32E5639CF002CA787 /* Products */ = {
			isa = PBXGroup;
			children = (
				44BD5DA22E5639CF002CA787 /* UVGuard.app */,
				44BBFC542EA3DA2F003C6F2B /* UVGuardWidgetsExtension.appex */,
				4487A9D12EA4A8AB002D7485 /* WatchUVGuard Watch App.app */,
			);
			name = Products;
			sourceTree = "<group>";
		};
/* End PBXGroup section */

/* Begin PBXNativeTarget section */
		4487A9D02EA4A8AB002D7485 /* WatchUVGuard Watch App */ = {
			isa = PBXNativeTarget;
			buildConfigurationList = 4487A9DF2EA4A8AD002D7485 /* Build configuration list for PBXNativeTarget "WatchUVGuard Watch App" */;
			buildPhases = (
				4487A9CD2EA4A8AB002D7485 /* Sources */,
				4487A9CE2EA4A8AB002D7485 /* Frameworks */,
				4487A9CF2EA4A8AB002D7485 /* Resources */,
			);
			buildRules = (
			);
			dependencies = (
			);
			fileSystemSynchronizedGroups = (
				4487A9D22EA4A8AB002D7485 /* WatchUVGuard Watch App */,
			);
			name = "WatchUVGuard Watch App";
			packageProductDependencies = (
			);
			productName = "WatchUVGuard Watch App";
			productReference = 4487A9D12EA4A8AB002D7485 /* WatchUVGuard Watch App.app */;
			productType = "com.apple.product-type.application";
		};
		44BBFC532EA3DA2F003C6F2B /* UVGuardWidgetsExtension */ = {
			isa = PBXNativeTarget;
			buildConfigurationList = 44BBFC692EA3DA31003C6F2B /* Build configuration list for PBXNativeTarget "UVGuardWidgetsExtension" */;
			buildPhases = (
				44BBFC502EA3DA2F003C6F2B /* Sources */,
				44BBFC512EA3DA2F003C6F2B /* Frameworks */,
				44BBFC522EA3DA2F003C6F2B /* Resources */,
			);
			buildRules = (
			);
			dependencies = (
			);
			fileSystemSynchronizedGroups = (
				44BBFC5A2EA3DA2F003C6F2B /* UVGuardWidgets */,
			);
			name = UVGuardWidgetsExtension;
			packageProductDependencies = (
			);
			productName = UVGuardWidgetsExtension;
			productReference = 44BBFC542EA3DA2F003C6F2B /* UVGuardWidgetsExtension.appex */;
			productType = "com.apple.product-type.app-extension";
		};
		44BD5DA12E5639CF002CA787 /* UVGuard */ = {
			isa = PBXNativeTarget;
			buildConfigurationList = 44BD5DAD2E5639D0002CA787 /* Build configuration list for PBXNativeTarget "UVGuard" */;
			buildPhases = (
				44BD5D9E2E5639CF002CA787 /* Sources */,
				44BD5D9F2E5639CF002CA787 /* Frameworks */,
				44BD5DA02E5639CF002CA787 /* Resources */,
				44BBFC652EA3DA31003C6F2B /* Embed Foundation Extensions */,
				4487A9DC2EA4A8AD002D7485 /* Embed Watch Content */,
			);
			buildRules = (
			);
			dependencies = (
				44BBFC632EA3DA31003C6F2B /* PBXTargetDependency */,
				4487A9DA2EA4A8AD002D7485 /* PBXTargetDependency */,
			);
			fileSystemSynchronizedGroups = (
				44BD5DA42E5639CF002CA787 /* UVGuard */,
			);
			name = UVGuard;
			packageProductDependencies = (
				4405A5EB2E5DF3680039C2FF /* Alamofire */,
			);
			productName = UVGuard;
			productReference = 44BD5DA22E5639CF002CA787 /* UVGuard.app */;
			productType = "com.apple.product-type.application";
		};
/* End PBXNativeTarget section */

/* Begin PBXProject section */
		44BD5D9A2E5639CF002CA787 /* Project object */ = {
			isa = PBXProject;
			attributes = {
				BuildIndependentTargetsInParallel = 1;
				LastSwiftUpdateCheck = 2600;
				LastUpgradeCheck = 1640;
				TargetAttributes = {
					4487A9D02EA4A8AB002D7485 = {
						CreatedOnToolsVersion = 26.0.1;
					};
					44BBFC532EA3DA2F003C6F2B = {
						CreatedOnToolsVersion = 26.0.1;
					};
					44BD5DA12E5639CF002CA787 = {
						CreatedOnToolsVersion = 16.4;
					};
				};
			};
			buildConfigurationList = 44BD5D9D2E5639CF002CA787 /* Build configuration list for PBXProject "UVGuard" */;
			developmentRegion = en;
			hasScannedForEncodings = 0;
			knownRegions = (
				en,
				Base,
				"zh-Hans-CN",
				my,
			);
			mainGroup = 44BD5D992E5639CF002CA787;
			minimizedProjectReferenceProxies = 1;
			packageReferences = (
				4405A5EA2E5DF3680039C2FF /* XCRemoteSwiftPackageReference "Alamofire" */,
			);
			preferredProjectObjectVersion = 77;
			productRefGroup = 44BD5DA32E5639CF002CA787 /* Products */;
			projectDirPath = "";
			projectRoot = "";
			targets = (
				44BD5DA12E5639CF002CA787 /* UVGuard */,
				44BBFC532EA3DA2F003C6F2B /* UVGuardWidgetsExtension */,
				4487A9D02EA4A8AB002D7485 /* WatchUVGuard Watch App */,
			);
		};
/* End PBXProject section */

/* Begin PBXResourcesBuildPhase section */
		4487A9CF2EA4A8AB002D7485 /* Resources */ = {
			isa = PBXResourcesBuildPhase;
			buildActionMask = 2147483647;
			files = (
				4487AC612EA4F2C0002D7485 /* Montserrat-Bold.ttf in Resources */,
				4487AC622EA4F2C0002D7485 /* Montserrat-Medium.ttf in Resources */,
				4487AC632EA4F2C0002D7485 /* Montserrat-Regular.ttf in Resources */,
				4487AC642EA4F2C0002D7485 /* Montserrat-SemiBold.ttf in Resources */,
			);
			runOnlyForDeploymentPostprocessing = 0;
		};
		44BBFC522EA3DA2F003C6F2B /* Resources */ = {
			isa = PBXResourcesBuildPhase;
			buildActionMask = 2147483647;
			files = (
			);
			runOnlyForDeploymentPostprocessing = 0;
		};
		44BD5DA02E5639CF002CA787 /* Resources */ = {
			isa = PBXResourcesBuildPhase;
			buildActionMask = 2147483647;
			files = (
				4487AC652EA4F2C0002D7485 /* Montserrat-Bold.ttf in Resources */,
				4487AC662EA4F2C0002D7485 /* Montserrat-Medium.ttf in Resources */,
				4487AC672EA4F2C0002D7485 /* Montserrat-Regular.ttf in Resources */,
				4487AC682EA4F2C0002D7485 /* Montserrat-SemiBold.ttf in Resources */,
			);
			runOnlyForDeploymentPostprocessing = 0;
		};
/* End PBXResourcesBuildPhase section */

/* Begin PBXSourcesBuildPhase section */
		4487A9CD2EA4A8AB002D7485 /* Sources */ = {
			isa = PBXSourcesBuildPhase;
			buildActionMask = 2147483647;
			files = (
			);
			runOnlyForDeploymentPostprocessing = 0;
		};
		44BBFC502EA3DA2F003C6F2B /* Sources */ = {
			isa = PBXSourcesBuildPhase;
			buildActionMask = 2147483647;
			files = (
			);
			runOnlyForDeploymentPostprocessing = 0;
		};
		44BD5D9E2E5639CF002CA787 /* Sources */ = {
			isa = PBXSourcesBuildPhase;
			buildActionMask = 2147483647;
			files = (
			);
			runOnlyForDeploymentPostprocessing = 0;
		};
/* End PBXSourcesBuildPhase section */

/* Begin PBXTargetDependency section */
		4487A9DA2EA4A8AD002D7485 /* PBXTargetDependency */ = {
			isa = PBXTargetDependency;
			target = 4487A9D02EA4A8AB002D7485 /* WatchUVGuard Watch App */;
			targetProxy = 4487A9D92EA4A8AD002D7485 /* PBXContainerItemProxy */;
		};
		44BBFC632EA3DA31003C6F2B /* PBXTargetDependency */ = {
			isa = PBXTargetDependency;
			target = 44BBFC532EA3DA2F003C6F2B /* UVGuardWidgetsExtension */;
			targetProxy = 44BBFC622EA3DA31003C6F2B /* PBXContainerItemProxy */;
		};
/* End PBXTargetDependency section */

/* Begin XCBuildConfiguration section */
		4487A9DD2EA4A8AD002D7485 /* Debug */ = {
			isa = XCBuildConfiguration;
			buildSettings = {
				ASSETCATALOG_COMPILER_APPICON_NAME = AppIcon;
				ASSETCATALOG_COMPILER_GLOBAL_ACCENT_COLOR_NAME = AccentColor;
				CODE_SIGN_ENTITLEMENTS = "WatchUVGuard Watch App/WatchUVGuard Watch App.entitlements";
				CODE_SIGN_STYLE = Automatic;
				CURRENT_PROJECT_VERSION = 1;
				DEVELOPMENT_TEAM = 24P579BG6U;
				ENABLE_PREVIEWS = YES;
				GENERATE_INFOPLIST_FILE = YES;
				INFOPLIST_KEY_CFBundleDisplayName = WatchUVGuard;
				INFOPLIST_KEY_UISupportedInterfaceOrientations = "UIInterfaceOrientationPortrait UIInterfaceOrientationPortraitUpsideDown";
				INFOPLIST_KEY_WKCompanionAppBundleIdentifier = swanhtetaung.UVGuard;
				LD_RUNPATH_SEARCH_PATHS = (
					"$(inherited)",
					"@executable_path/Frameworks",
				);
				MARKETING_VERSION = 1.0;
				PRODUCT_BUNDLE_IDENTIFIER = swanhtetaung.UVGuard.watchkitapp;
				PRODUCT_NAME = "$(TARGET_NAME)";
				SDKROOT = watchos;
				SKIP_INSTALL = YES;
				STRING_CATALOG_GENERATE_SYMBOLS = YES;
				SWIFT_APPROACHABLE_CONCURRENCY = YES;
				SWIFT_DEFAULT_ACTOR_ISOLATION = MainActor;
				SWIFT_EMIT_LOC_STRINGS = YES;
				SWIFT_UPCOMING_FEATURE_MEMBER_IMPORT_VISIBILITY = YES;
				SWIFT_VERSION = 5.0;
				TARGETED_DEVICE_FAMILY = 4;
				WATCHOS_DEPLOYMENT_TARGET = 26.0;
			};
			name = Debug;
		};
		4487A9DE2EA4A8AD002D7485 /* Release */ = {
			isa = XCBuildConfiguration;
			buildSettings = {
				ASSETCATALOG_COMPILER_APPICON_NAME = AppIcon;
				ASSETCATALOG_COMPILER_GLOBAL_ACCENT_COLOR_NAME = AccentColor;
				CODE_SIGN_ENTITLEMENTS = "WatchUVGuard Watch App/WatchUVGuard Watch App.entitlements";
				CODE_SIGN_STYLE = Automatic;
				CURRENT_PROJECT_VERSION = 1;
				DEVELOPMENT_TEAM = 24P579BG6U;
				ENABLE_PREVIEWS = YES;
				GENERATE_INFOPLIST_FILE = YES;
				INFOPLIST_KEY_CFBundleDisplayName = WatchUVGuard;
				INFOPLIST_KEY_UISupportedInterfaceOrientations = "UIInterfaceOrientationPortrait UIInterfaceOrientationPortraitUpsideDown";
				INFOPLIST_KEY_WKCompanionAppBundleIdentifier = swanhtetaung.UVGuard;
				LD_RUNPATH_SEARCH_PATHS = (
					"$(inherited)",
					"@executable_path/Frameworks",
				);
				MARKETING_VERSION = 1.0;
				PRODUCT_BUNDLE_IDENTIFIER = swanhtetaung.UVGuard.watchkitapp;
				PRODUCT_NAME = "$(TARGET_NAME)";
				SDKROOT = watchos;
				SKIP_INSTALL = YES;
				STRING_CATALOG_GENERATE_SYMBOLS = YES;
				SWIFT_APPROACHABLE_CONCURRENCY = YES;
				SWIFT_DEFAULT_ACTOR_ISOLATION = MainActor;
				SWIFT_EMIT_LOC_STRINGS = YES;
				SWIFT_UPCOMING_FEATURE_MEMBER_IMPORT_VISIBILITY = YES;
				SWIFT_VERSION = 5.0;
				TARGETED_DEVICE_FAMILY = 4;
				WATCHOS_DEPLOYMENT_TARGET = 26.0;
			};
			name = Release;
		};
		44BBFC662EA3DA31003C6F2B /* Debug */ = {
			isa = XCBuildConfiguration;
			buildSettings = {
				ASSETCATALOG_COMPILER_GLOBAL_ACCENT_COLOR_NAME = AccentColor;
				ASSETCATALOG_COMPILER_WIDGET_BACKGROUND_COLOR_NAME = WidgetBackground;
				CODE_SIGN_ENTITLEMENTS = UVGuardWidgetsExtension.entitlements;
				CODE_SIGN_STYLE = Automatic;
				CURRENT_PROJECT_VERSION = 1;
				DEVELOPMENT_TEAM = 24P579BG6U;
				GENERATE_INFOPLIST_FILE = YES;
				INFOPLIST_FILE = UVGuardWidgets/Info.plist;
				INFOPLIST_KEY_CFBundleDisplayName = UVGuardWidgets;
				INFOPLIST_KEY_NSHumanReadableCopyright = "";
				IPHONEOS_DEPLOYMENT_TARGET = 26.0;
				LD_RUNPATH_SEARCH_PATHS = (
					"$(inherited)",
					"@executable_path/Frameworks",
					"@executable_path/../../Frameworks",
				);
				MARKETING_VERSION = 1.0;
				PRODUCT_BUNDLE_IDENTIFIER = swanhtetaung.UVGuard.UVGuardWidgets;
				PRODUCT_NAME = "$(TARGET_NAME)";
				SKIP_INSTALL = YES;
				STRING_CATALOG_GENERATE_SYMBOLS = YES;
				SWIFT_APPROACHABLE_CONCURRENCY = YES;
				SWIFT_EMIT_LOC_STRINGS = YES;
				SWIFT_UPCOMING_FEATURE_MEMBER_IMPORT_VISIBILITY = YES;
				SWIFT_VERSION = 5.0;
				TARGETED_DEVICE_FAMILY = "1,2";
			};
			name = Debug;
		};
		44BBFC672EA3DA31003C6F2B /* Release */ = {
			isa = XCBuildConfiguration;
			buildSettings = {
				ASSETCATALOG_COMPILER_GLOBAL_ACCENT_COLOR_NAME = AccentColor;
				ASSETCATALOG_COMPILER_WIDGET_BACKGROUND_COLOR_NAME = WidgetBackground;
				CODE_SIGN_ENTITLEMENTS = UVGuardWidgetsExtension.entitlements;
				CODE_SIGN_STYLE = Automatic;
				CURRENT_PROJECT_VERSION = 1;
				DEVELOPMENT_TEAM = 24P579BG6U;
				GENERATE_INFOPLIST_FILE = YES;
				INFOPLIST_FILE = UVGuardWidgets/Info.plist;
				INFOPLIST_KEY_CFBundleDisplayName = UVGuardWidgets;
				INFOPLIST_KEY_NSHumanReadableCopyright = "";
				IPHONEOS_DEPLOYMENT_TARGET = 26.0;
				LD_RUNPATH_SEARCH_PATHS = (
					"$(inherited)",
					"@executable_path/Frameworks",
					"@executable_path/../../Frameworks",
				);
				MARKETING_VERSION = 1.0;
				PRODUCT_BUNDLE_IDENTIFIER = swanhtetaung.UVGuard.UVGuardWidgets;
				PRODUCT_NAME = "$(TARGET_NAME)";
				SKIP_INSTALL = YES;
				STRING_CATALOG_GENERATE_SYMBOLS = YES;
				SWIFT_APPROACHABLE_CONCURRENCY = YES;
				SWIFT_EMIT_LOC_STRINGS = YES;
				SWIFT_UPCOMING_FEATURE_MEMBER_IMPORT_VISIBILITY = YES;
				SWIFT_VERSION = 5.0;
				TARGETED_DEVICE_FAMILY = "1,2";
			};
			name = Release;
		};
		44BD5DAB2E5639D0002CA787 /* Debug */ = {
			isa = XCBuildConfiguration;
			buildSettings = {
				ALWAYS_SEARCH_USER_PATHS = NO;
				ASSETCATALOG_COMPILER_GENERATE_SWIFT_ASSET_SYMBOL_EXTENSIONS = YES;
				CLANG_ANALYZER_NONNULL = YES;
				CLANG_ANALYZER_NUMBER_OBJECT_CONVERSION = YES_AGGRESSIVE;
				CLANG_CXX_LANGUAGE_STANDARD = "gnu++20";
				CLANG_ENABLE_MODULES = YES;
				CLANG_ENABLE_OBJC_ARC = YES;
				CLANG_ENABLE_OBJC_WEAK = YES;
				CLANG_WARN_BLOCK_CAPTURE_AUTORELEASING = YES;
				CLANG_WARN_BOOL_CONVERSION = YES;
				CLANG_WARN_COMMA = YES;
				CLANG_WARN_CONSTANT_CONVERSION = YES;
				CLANG_WARN_DEPRECATED_OBJC_IMPLEMENTATIONS = YES;
				CLANG_WARN_DIRECT_OBJC_ISA_USAGE = YES_ERROR;
				CLANG_WARN_DOCUMENTATION_COMMENTS = YES;
				CLANG_WARN_EMPTY_BODY = YES;
				CLANG_WARN_ENUM_CONVERSION = YES;
				CLANG_WARN_INFINITE_RECURSION = YES;
				CLANG_WARN_INT_CONVERSION = YES;
				CLANG_WARN_NON_LITERAL_NULL_CONVERSION = YES;
				CLANG_WARN_OBJC_IMPLICIT_RETAIN_SELF = YES;
				CLANG_WARN_OBJC_LITERAL_CONVERSION = YES;
				CLANG_WARN_OBJC_ROOT_CLASS = YES_ERROR;
				CLANG_WARN_QUOTED_INCLUDE_IN_FRAMEWORK_HEADER = YES;
				CLANG_WARN_RANGE_LOOP_ANALYSIS = YES;
				CLANG_WARN_STRICT_PROTOTYPES = YES;
				CLANG_WARN_SUSPICIOUS_MOVE = YES;
				CLANG_WARN_UNGUARDED_AVAILABILITY = YES_AGGRESSIVE;
				CLANG_WARN_UNREACHABLE_CODE = YES;
				CLANG_WARN__DUPLICATE_METHOD_MATCH = YES;
				COPY_PHASE_STRIP = NO;
				DEBUG_INFORMATION_FORMAT = dwarf;
				DEVELOPMENT_TEAM = 24P579BG6U;
				ENABLE_STRICT_OBJC_MSGSEND = YES;
				ENABLE_TESTABILITY = YES;
				ENABLE_USER_SCRIPT_SANDBOXING = YES;
				GCC_C_LANGUAGE_STANDARD = gnu17;
				GCC_DYNAMIC_NO_PIC = NO;
				GCC_NO_COMMON_BLOCKS = YES;
				GCC_OPTIMIZATION_LEVEL = 0;
				GCC_PREPROCESSOR_DEFINITIONS = (
					"DEBUG=1",
					"$(inherited)",
				);
				GCC_WARN_64_TO_32_BIT_CONVERSION = YES;
				GCC_WARN_ABOUT_RETURN_TYPE = YES_ERROR;
				GCC_WARN_UNDECLARED_SELECTOR = YES;
				GCC_WARN_UNINITIALIZED_AUTOS = YES_AGGRESSIVE;
				GCC_WARN_UNUSED_FUNCTION = YES;
				GCC_WARN_UNUSED_VARIABLE = YES;
				IPHONEOS_DEPLOYMENT_TARGET = 18.5;
				LOCALIZATION_PREFERS_STRING_CATALOGS = YES;
				MTL_ENABLE_DEBUG_INFO = INCLUDE_SOURCE;
				MTL_FAST_MATH = YES;
				ONLY_ACTIVE_ARCH = YES;
				SDKROOT = iphoneos;
				SWIFT_ACTIVE_COMPILATION_CONDITIONS = "DEBUG $(inherited)";
				SWIFT_EMIT_LOC_STRINGS = YES;
				SWIFT_OPTIMIZATION_LEVEL = "-Onone";
			};
			name = Debug;
		};
		44BD5DAC2E5639D0002CA787 /* Release */ = {
			isa = XCBuildConfiguration;
			buildSettings = {
				ALWAYS_SEARCH_USER_PATHS = NO;
				ASSETCATALOG_COMPILER_GENERATE_SWIFT_ASSET_SYMBOL_EXTENSIONS = YES;
				CLANG_ANALYZER_NONNULL = YES;
				CLANG_ANALYZER_NUMBER_OBJECT_CONVERSION = YES_AGGRESSIVE;
				CLANG_CXX_LANGUAGE_STANDARD = "gnu++20";
				CLANG_ENABLE_MODULES = YES;
				CLANG_ENABLE_OBJC_ARC = YES;
				CLANG_ENABLE_OBJC_WEAK = YES;
				CLANG_WARN_BLOCK_CAPTURE_AUTORELEASING = YES;
				CLANG_WARN_BOOL_CONVERSION = YES;
				CLANG_WARN_COMMA = YES;
				CLANG_WARN_CONSTANT_CONVERSION = YES;
				CLANG_WARN_DEPRECATED_OBJC_IMPLEMENTATIONS = YES;
				CLANG_WARN_DIRECT_OBJC_ISA_USAGE = YES_ERROR;
				CLANG_WARN_DOCUMENTATION_COMMENTS = YES;
				CLANG_WARN_EMPTY_BODY = YES;
				CLANG_WARN_ENUM_CONVERSION = YES;
				CLANG_WARN_INFINITE_RECURSION = YES;
				CLANG_WARN_INT_CONVERSION = YES;
				CLANG_WARN_NON_LITERAL_NULL_CONVERSION = YES;
				CLANG_WARN_OBJC_IMPLICIT_RETAIN_SELF = YES;
				CLANG_WARN_OBJC_LITERAL_CONVERSION = YES;
				CLANG_WARN_OBJC_ROOT_CLASS = YES_ERROR;
				CLANG_WARN_QUOTED_INCLUDE_IN_FRAMEWORK_HEADER = YES;
				CLANG_WARN_RANGE_LOOP_ANALYSIS = YES;
				CLANG_WARN_STRICT_PROTOTYPES = YES;
				CLANG_WARN_SUSPICIOUS_MOVE = YES;
				CLANG_WARN_UNGUARDED_AVAILABILITY = YES_AGGRESSIVE;
				CLANG_WARN_UNREACHABLE_CODE = YES;
				CLANG_WARN__DUPLICATE_METHOD_MATCH = YES;
				COPY_PHASE_STRIP = NO;
				DEBUG_INFORMATION_FORMAT = "dwarf-with-dsym";
				DEVELOPMENT_TEAM = 24P579BG6U;
				ENABLE_NS_ASSERTIONS = NO;
				ENABLE_STRICT_OBJC_MSGSEND = YES;
				ENABLE_USER_SCRIPT_SANDBOXING = YES;
				GCC_C_LANGUAGE_STANDARD = gnu17;
				GCC_NO_COMMON_BLOCKS = YES;
				GCC_WARN_64_TO_32_BIT_CONVERSION = YES;
				GCC_WARN_ABOUT_RETURN_TYPE = YES_ERROR;
				GCC_WARN_UNDECLARED_SELECTOR = YES;
				GCC_WARN_UNINITIALIZED_AUTOS = YES_AGGRESSIVE;
				GCC_WARN_UNUSED_FUNCTION = YES;
				GCC_WARN_UNUSED_VARIABLE = YES;
				IPHONEOS_DEPLOYMENT_TARGET = 18.5;
				LOCALIZATION_PREFERS_STRING_CATALOGS = YES;
				MTL_ENABLE_DEBUG_INFO = NO;
				MTL_FAST_MATH = YES;
				SDKROOT = iphoneos;
				SWIFT_COMPILATION_MODE = wholemodule;
				SWIFT_EMIT_LOC_STRINGS = YES;
				VALIDATE_PRODUCT = YES;
			};
			name = Release;
		};
		44BD5DAE2E5639D0002CA787 /* Debug */ = {
			isa = XCBuildConfiguration;
			buildSettings = {
				ASSETCATALOG_COMPILER_APPICON_NAME = AppIcon;
				ASSETCATALOG_COMPILER_GLOBAL_ACCENT_COLOR_NAME = AccentColor;
				CODE_SIGN_ENTITLEMENTS = UVGuard/UVGuard.entitlements;
				CODE_SIGN_STYLE = Automatic;
				CURRENT_PROJECT_VERSION = 1;
				DEVELOPMENT_TEAM = 24P579BG6U;
				ENABLE_PREVIEWS = YES;
				GENERATE_INFOPLIST_FILE = YES;
				INFOPLIST_FILE = UVGuard/Info.plist;
				INFOPLIST_KEY_NSLocationWhenInUseUsageDescription = "UVGuard needs your location to show the UV index where you are.";
				INFOPLIST_KEY_UIApplicationSceneManifest_Generation = YES;
				INFOPLIST_KEY_UIApplicationSupportsIndirectInputEvents = YES;
				INFOPLIST_KEY_UILaunchScreen_Generation = YES;
				INFOPLIST_KEY_UISupportedInterfaceOrientations_iPad = "UIInterfaceOrientationPortrait UIInterfaceOrientationPortraitUpsideDown UIInterfaceOrientationLandscapeLeft UIInterfaceOrientationLandscapeRight";
				INFOPLIST_KEY_UISupportedInterfaceOrientations_iPhone = "UIInterfaceOrientationPortrait UIInterfaceOrientationLandscapeLeft UIInterfaceOrientationLandscapeRight";
				LD_RUNPATH_SEARCH_PATHS = (
					"$(inherited)",
					"@executable_path/Frameworks",
				);
				MARKETING_VERSION = 1.0;
				PRODUCT_BUNDLE_IDENTIFIER = swanhtetaung.UVGuard;
				PRODUCT_NAME = "$(TARGET_NAME)";
				SWIFT_EMIT_LOC_STRINGS = YES;
				SWIFT_VERSION = 5.0;
				TARGETED_DEVICE_FAMILY = "1,2";
			};
			name = Debug;
		};
		44BD5DAF2E5639D0002CA787 /* Release */ = {
			isa = XCBuildConfiguration;
			buildSettings = {
				ASSETCATALOG_COMPILER_APPICON_NAME = AppIcon;
				ASSETCATALOG_COMPILER_GLOBAL_ACCENT_COLOR_NAME = AccentColor;
				CODE_SIGN_ENTITLEMENTS = UVGuard/UVGuard.entitlements;
				CODE_SIGN_STYLE = Automatic;
				CURRENT_PROJECT_VERSION = 1;
				DEVELOPMENT_TEAM = 24P579BG6U;
				ENABLE_PREVIEWS = YES;
				GENERATE_INFOPLIST_FILE = YES;
				INFOPLIST_FILE = UVGuard/Info.plist;
				INFOPLIST_KEY_NSLocationWhenInUseUsageDescription = "UVGuard needs your location to show the UV index where you are.";
				INFOPLIST_KEY_UIApplicationSceneManifest_Generation = YES;
				INFOPLIST_KEY_UIApplicationSupportsIndirectInputEvents = YES;
				INFOPLIST_KEY_UILaunchScreen_Generation = YES;
				INFOPLIST_KEY_UISupportedInterfaceOrientations_iPad = "UIInterfaceOrientationPortrait UIInterfaceOrientationPortraitUpsideDown UIInterfaceOrientationLandscapeLeft UIInterfaceOrientationLandscapeRight";
				INFOPLIST_KEY_UISupportedInterfaceOrientations_iPhone = "UIInterfaceOrientationPortrait UIInterfaceOrientationLandscapeLeft UIInterfaceOrientationLandscapeRight";
				LD_RUNPATH_SEARCH_PATHS = (
					"$(inherited)",
					"@executable_path/Frameworks",
				);
				MARKETING_VERSION = 1.0;
				PRODUCT_BUNDLE_IDENTIFIER = swanhtetaung.UVGuard;
				PRODUCT_NAME = "$(TARGET_NAME)";
				SWIFT_EMIT_LOC_STRINGS = YES;
				SWIFT_VERSION = 5.0;
				TARGETED_DEVICE_FAMILY = "1,2";
			};
			name = Release;
		};
/* End XCBuildConfiguration section */

/* Begin XCConfigurationList section */
		4487A9DF2EA4A8AD002D7485 /* Build configuration list for PBXNativeTarget "WatchUVGuard Watch App" */ = {
			isa = XCConfigurationList;
			buildConfigurations = (
				4487A9DD2EA4A8AD002D7485 /* Debug */,
				4487A9DE2EA4A8AD002D7485 /* Release */,
			);
			defaultConfigurationIsVisible = 0;
			defaultConfigurationName = Release;
		};
		44BBFC692EA3DA31003C6F2B /* Build configuration list for PBXNativeTarget "UVGuardWidgetsExtension" */ = {
			isa = XCConfigurationList;
			buildConfigurations = (
				44BBFC662EA3DA31003C6F2B /* Debug */,
				44BBFC672EA3DA31003C6F2B /* Release */,
			);
			defaultConfigurationIsVisible = 0;
			defaultConfigurationName = Release;
		};
		44BD5D9D2E5639CF002CA787 /* Build configuration list for PBXProject "UVGuard" */ = {
			isa = XCConfigurationList;
			buildConfigurations = (
				44BD5DAB2E5639D0002CA787 /* Debug */,
				44BD5DAC2E5639D0002CA787 /* Release */,
			);
			defaultConfigurationIsVisible = 0;
			defaultConfigurationName = Release;
		};
		44BD5DAD2E5639D0002CA787 /* Build configuration list for PBXNativeTarget "UVGuard" */ = {
			isa = XCConfigurationList;
			buildConfigurations = (
				44BD5DAE2E5639D0002CA787 /* Debug */,
				44BD5DAF2E5639D0002CA787 /* Release */,
			);
			defaultConfigurationIsVisible = 0;
			defaultConfigurationName = Release;
		};
/* End XCConfigurationList section */

/* Begin XCRemoteSwiftPackageReference section */
		4405A5EA2E5DF3680039C2FF /* XCRemoteSwiftPackageReference "Alamofire" */ = {
			isa = XCRemoteSwiftPackageReference;
			repositoryURL = "https://github.com/Alamofire/Alamofire.git";
			requirement = {
				kind = upToNextMajorVersion;
				minimumVersion = 5.10.2;
			};
		};
/* End XCRemoteSwiftPackageReference section */

/* Begin XCSwiftPackageProductDependency section */
		4405A5EB2E5DF3680039C2FF /* Alamofire */ = {
			isa = XCSwiftPackageProductDependency;
			package = 4405A5EA2E5DF3680039C2FF /* XCRemoteSwiftPackageReference "Alamofire" */;
			productName = Alamofire;
		};
/* End XCSwiftPackageProductDependency section */
	};
	rootObject = 44BD5D9A2E5639CF002CA787 /* Project object */;
}
